PODS:
  - FloatingPanel (1.7.2)
  - JGProgressHUD (2.1)

DEPENDENCIES:
  - FloatingPanel
  - JGProgressHUD

SPEC REPOS:
  trunk:
    - FloatingPanel
    - JGProgressHUD

SPEC CHECKSUMS:
  FloatingPanel: b275a35d0a09be4bd37025e710a6a1d063bfc161
  JGProgressHUD: aa403e9a5b45cae98903c4600cccdd98c0c3ec90

PODFILE CHECKSUM: d1c37fca4db4a9033da436be3ecace8222773e05

COCOAPODS: 1.8.4
